<?xml version="1.0" encoding="UTF-8"?>
<Scheme
   LastUpgradeVersion = "1010"
   version = "1.3">
   <BuildAction
      parallelizeBuildables = "YES"
      buildImplicitDependencies = "YES">
      <BuildActionEntries>
         <BuildActionEntry
            buildForTesting = "YES"
            buildForRunning = "YES"
            buildForProfiling = "YES"
            buildForArchiving = "YES"
            buildForAnalyzing = "YES">
            <BuildableReference
               BuildableIdentifier = "primary"
               BlueprintIdentifier = "42F2D56C219403B100113A10"
               BuildableName = "Gifer.app"
               BlueprintName = "Gifer"
               ReferencedContainer = "container:Gifer.xcodeproj">
            </BuildableReference>
         </BuildActionEntry>
      </BuildActionEntries>
   </BuildAction>
   <TestAction
      buildConfiguration = "Debug"
      selectedDebuggerIdentifier = "Xcode.DebuggerFoundation.Debugger.LLDB"
      selectedLauncherIdentifier = "Xcode.DebuggerFoundation.Launcher.LLDB"
      shouldUseLaunchSchemeArgsEnv = "YES">
      <Testables>
         <TestableReference
            skipped = "NO">
            <BuildableReference
               BuildableIdentifier = "primary"
               BlueprintIdentifier = "42F2D580219403B300113A10"
               BuildableName = "GiferTests.xctest"
               BlueprintName = "GiferTests"
               ReferencedContainer = "container:Gifer.xcodeproj">
            </BuildableReference>
            <SkippedTests>
               <Test
                  Identifier = "GifSizeEstimatorTest">
               </Test>
               <Test
                  Identifier = "GiferTests/testAssetExport()">
               </Test>
               <Test
                  Identifier = "GiferTests/testCompositeFilters()">
               </Test>
               <Test
                  Identifier = "GiferTests/testExample()">
               </Test>
               <Test
                  Identifier = "GiferTests/testExtractVideoThumbernails()">
               </Test>
               <Test
                  Identifier = "GiferTests/testGenerateGif()">
               </Test>
               <Test
                  Identifier = "GiferTests/testParseVideo()">
               </Test>
               <Test
                  Identifier = "GiferTests/testReduceVideoFrameRate()">
               </Test>
               <Test
                  Identifier = "GiferTests/testVideoComposition()">
               </Test>
            </SkippedTests>
         </TestableReference>
         <TestableReference
            skipped = "YES">
            <BuildableReference
               BuildableIdentifier = "primary"
               BlueprintIdentifier = "42F2D58B219403B300113A10"
               BuildableName = "GiferUITests.xctest"
               BlueprintName = "GiferUITests"
               ReferencedContainer = "container:Gifer.xcodeproj">
            </BuildableReference>
         </TestableReference>
      </Testables>
      <MacroExpansion>
         <BuildableReference
            BuildableIdentifier = "primary"
            BlueprintIdentifier = "42F2D56C219403B100113A10"
            BuildableName = "Gifer.app"
            BlueprintName = "Gifer"
            ReferencedContainer = "container:Gifer.xcodeproj">
         </BuildableReference>
      </MacroExpansion>
      <AdditionalOptions>
      </AdditionalOptions>
   </TestAction>
   <LaunchAction
      buildConfiguration = "Debug"
      selectedDebuggerIdentifier = "Xcode.DebuggerFoundation.Debugger.LLDB"
      selectedLauncherIdentifier = "Xcode.DebuggerFoundation.Launcher.LLDB"
      launchStyle = "0"
      useCustomWorkingDirectory = "NO"
      ignoresPersistentStateOnLaunch = "NO"
      debugDocumentVersioning = "YES"
      stopOnEveryMainThreadCheckerIssue = "YES"
      debugServiceExtension = "internal"
      allowLocationSimulation = "YES">
      <BuildableProductRunnable
         runnableDebuggingMode = "0">
         <BuildableReference
            BuildableIdentifier = "primary"
            BlueprintIdentifier = "42F2D56C219403B100113A10"
            BuildableName = "Gifer.app"
            BlueprintName = "Gifer"
            ReferencedContainer = "container:Gifer.xcodeproj">
         </BuildableReference>
      </BuildableProductRunnable>
      <EnvironmentVariables>
         <EnvironmentVariable
            key = "CG_CONTEXT_SHOW_BACKTRACE"
            value = ""
            isEnabled = "YES">
         </EnvironmentVariable>
      </EnvironmentVariables>
      <AdditionalOptions>
         <AdditionalOption
            key = "MallocStackLogging"
            value = ""
            isEnabled = "YES">
         </AdditionalOption>
      </AdditionalOptions>
   </LaunchAction>
   <ProfileAction
      buildConfiguration = "Release"
      shouldUseLaunchSchemeArgsEnv = "YES"
      savedToolIdentifier = ""
      useCustomWorkingDirectory = "NO"
      debugDocumentVersioning = "YES">
      <BuildableProductRunnable
         runnableDebuggingMode = "0">
         <BuildableReference
            BuildableIdentifier = "primary"
            BlueprintIdentifier = "42F2D56C219403B100113A10"
            BuildableName = "Gifer.app"
            BlueprintName = "Gifer"
            ReferencedContainer = "container:Gifer.xcodeproj">
         </BuildableReference>
      </BuildableProductRunnable>
   </ProfileAction>
   <AnalyzeAction
      buildConfiguration = "Debug">
   </AnalyzeAction>
   <ArchiveAction
      buildConfiguration = "Release"
      revealArchiveInOrganizer = "YES">
   </ArchiveAction>
</Scheme>
