// !$*UTF8*$!
{
	archiveVersion = 1;
	classes = {
	};
	objectVersion = 50;
	objects = {

/* Begin PBXBuildFile section */
		4224B22021F7104A0001E494 /* VideoPlayerSection.swift in Sources */ = {isa = PBXBuildFile; fileRef = 4224B21F21F7104A0001E494 /* VideoPlayerSection.swift */; };
		42265B5D21F95587005D2710 /* OptionMenu.swift in Sources */ = {isa = PBXBuildFile; fileRef = 42265B5C21F95587005D2710 /* OptionMenu.swift */; };
		42265B5F21F98F41005D2710 /* CropMenuView.swift in Sources */ = {isa = PBXBuildFile; fileRef = 42265B5E21F98F41005D2710 /* CropMenuView.swift */; };
		422BC3B321F1B9F400948A32 /* CommonConstraints.swift in Sources */ = {isa = PBXBuildFile; fileRef = 422BC3B221F1B9F400948A32 /* CommonConstraints.swift */; };
		422E0E2221CB616500192B37 /* Debug.swift in Sources */ = {isa = PBXBuildFile; fileRef = 422E0E2121CB616500192B37 /* Debug.swift */; };
		4233DD6A21B91441009A757C /* AspectView.swift in Sources */ = {isa = PBXBuildFile; fileRef = 4233DD6921B91441009A757C /* AspectView.swift */; };
		42362EBB21F024A300970A5C /* GridRulerCornerView.swift in Sources */ = {isa = PBXBuildFile; fileRef = 42362EBA21F024A300970A5C /* GridRulerCornerView.swift */; };
		42362EBD21F024FB00970A5C /* GridRulerEdgeView.swift in Sources */ = {isa = PBXBuildFile; fileRef = 42362EBC21F024FB00970A5C /* GridRulerEdgeView.swift */; };
		42444A62226DBD61004F26A3 /* FilterSlider.swift in Sources */ = {isa = PBXBuildFile; fileRef = 42444A61226DBD60004F26A3 /* FilterSlider.swift */; };
		42444A64226EDBFC004F26A3 /* VideoControllerTrim.swift in Sources */ = {isa = PBXBuildFile; fileRef = 42444A63226EDBFC004F26A3 /* VideoControllerTrim.swift */; };
		42444A66226EEB28004F26A3 /* VideoControllerAttatchView.swift in Sources */ = {isa = PBXBuildFile; fileRef = 42444A65226EEB28004F26A3 /* VideoControllerAttatchView.swift */; };
		424596EE223F693B00FCE599 /* VideoCache.swift in Sources */ = {isa = PBXBuildFile; fileRef = 424596ED223F693B00FCE599 /* VideoCache.swift */; };
		424596F022408B7000FCE599 /* VideoRangeViewController.swift in Sources */ = {isa = PBXBuildFile; fileRef = 424596EF22408B7000FCE599 /* VideoRangeViewController.swift */; };
		424596F22241D39F00FCE599 /* VideoLoadingIndicator.swift in Sources */ = {isa = PBXBuildFile; fileRef = 424596F12241D39F00FCE599 /* VideoLoadingIndicator.swift */; };
		42462B1E2202F5770064FE56 /* VideoControllerGalleryContainer.swift in Sources */ = {isa = PBXBuildFile; fileRef = 42462B1D2202F5770064FE56 /* VideoControllerGalleryContainer.swift */; };
		42462B212202F8DE0064FE56 /* VideoControllerGallerySlider.swift in Sources */ = {isa = PBXBuildFile; fileRef = 42462B202202F8DE0064FE56 /* VideoControllerGallerySlider.swift */; };
		42491E5B21ED7C22002FECDE /* GridRulerView.swift in Sources */ = {isa = PBXBuildFile; fileRef = 42491E5A21ED7C22002FECDE /* GridRulerView.swift */; };
		42491E5D21ED7C45002FECDE /* Test.storyboard in Resources */ = {isa = PBXBuildFile; fileRef = 42491E5C21ED7C45002FECDE /* Test.storyboard */; };
		424CAA4221D711DE001E795A /* EditViewBarItem.swift in Sources */ = {isa = PBXBuildFile; fileRef = 424CAA4121D711DE001E795A /* EditViewBarItem.swift */; };
		424F16AF222FB50300F94BCF /* StickerMenuView.swift in Sources */ = {isa = PBXBuildFile; fileRef = 424F16AE222FB50300F94BCF /* StickerMenuView.swift */; };
		4260DA8E222513C4000B16D4 /* ControlToolbarConfirmPrompt.swift in Sources */ = {isa = PBXBuildFile; fileRef = 4260DA8D222513C4000B16D4 /* ControlToolbarConfirmPrompt.swift */; };
		4260DA9222255B7C000B16D4 /* ConfirmExtraButton.swift in Sources */ = {isa = PBXBuildFile; fileRef = 4260DA9122255B7C000B16D4 /* ConfirmExtraButton.swift */; };
		4267BD632236065B006D9F44 /* DarkMode.swift in Sources */ = {isa = PBXBuildFile; fileRef = 4267BD622236065B006D9F44 /* DarkMode.swift */; };
		4269ADB3221B8E4F0098BA5E /* YPFilter.swift in Sources */ = {isa = PBXBuildFile; fileRef = 4269ADB2221B8E4F0098BA5E /* YPFilter.swift */; };
		4269ADB5221B93540098BA5E /* FiltersView.swift in Sources */ = {isa = PBXBuildFile; fileRef = 4269ADB4221B93540098BA5E /* FiltersView.swift */; };
		4269ADB7221BD4FE0098BA5E /* FilterPreviewView.swift in Sources */ = {isa = PBXBuildFile; fileRef = 4269ADB6221BD4FE0098BA5E /* FilterPreviewView.swift */; };
		426C244421CCC9A700EFE7A4 /* LoadingDialog.swift in Sources */ = {isa = PBXBuildFile; fileRef = 426C244321CCC9A700EFE7A4 /* LoadingDialog.swift */; };
		426C537C21D4C3E20018DE80 /* PlaySpeedView.swift in Sources */ = {isa = PBXBuildFile; fileRef = 426C537B21D4C3E20018DE80 /* PlaySpeedView.swift */; };
		426C537E21D4C6020018DE80 /* PlaySpeedView.xib in Resources */ = {isa = PBXBuildFile; fileRef = 426C537D21D4C6020018DE80 /* PlaySpeedView.xib */; };
		427A5648224246E900F0CA3E /* VideoProgressLoadingIndicator.swift in Sources */ = {isa = PBXBuildFile; fileRef = 427A5647224246E900F0CA3E /* VideoProgressLoadingIndicator.swift */; };
		42820CF62216A14200C5A99C /* ShareDialogController.swift in Sources */ = {isa = PBXBuildFile; fileRef = 42820CF52216A14200C5A99C /* ShareDialogController.swift */; };
		4284D44122768F5F00886513 /* ShareViewController.swift in Sources */ = {isa = PBXBuildFile; fileRef = 4284D44022768F5F00886513 /* ShareViewController.swift */; };
		4285BF9D21A8C34600913466 /* TrimController.swift in Sources */ = {isa = PBXBuildFile; fileRef = 4285BF9C21A8C34600913466 /* TrimController.swift */; };
		4285BF9F21A8C37A00913466 /* VideoControllerSlider.swift in Sources */ = {isa = PBXBuildFile; fileRef = 4285BF9E21A8C37A00913466 /* VideoControllerSlider.swift */; };
		4285BFA121A8C3AE00913466 /* VideoControllerGallery.swift in Sources */ = {isa = PBXBuildFile; fileRef = 4285BFA021A8C3AE00913466 /* VideoControllerGallery.swift */; };
		4285BFA321A8D22E00913466 /* VideoGalleryViewController.swift in Sources */ = {isa = PBXBuildFile; fileRef = 4285BFA221A8D22E00913466 /* VideoGalleryViewController.swift */; };
		4285BFA521A8D4DE00913466 /* VideoLibrary.swift in Sources */ = {isa = PBXBuildFile; fileRef = 4285BFA421A8D4DE00913466 /* VideoLibrary.swift */; };
		428C542521A8E96E003A44A0 /* VideoGalleryCell.swift in Sources */ = {isa = PBXBuildFile; fileRef = 428C542421A8E96E003A44A0 /* VideoGalleryCell.swift */; };
		429CE3E121C22F360004D3F2 /* MonkeyKing.framework in Frameworks */ = {isa = PBXBuildFile; fileRef = 429CE3E021C22F360004D3F2 /* MonkeyKing.framework */; };
		42A1AFE721EF186C00CF8018 /* CropContainer.swift in Sources */ = {isa = PBXBuildFile; fileRef = 42A1AFE621EF186C00CF8018 /* CropContainer.swift */; };
		42AB47C221C9E26300590889 /* EditVideoTransitionAnimator.swift in Sources */ = {isa = PBXBuildFile; fileRef = 42AB47C121C9E26300590889 /* EditVideoTransitionAnimator.swift */; };
		42AC7D892223862300AD3681 /* ControlToolbar.swift in Sources */ = {isa = PBXBuildFile; fileRef = 42AC7D882223862300AD3681 /* ControlToolbar.swift */; };
		42AC7D8C222394AF00AD3681 /* ControlToolbarItemView.swift in Sources */ = {isa = PBXBuildFile; fileRef = 42AC7D8B222394AF00AD3681 /* ControlToolbarItemView.swift */; };
		42C54D2D21C1F5D100BECC5C /* ShareManager.swift in Sources */ = {isa = PBXBuildFile; fileRef = 42C54D2C21C1F5D100BECC5C /* ShareManager.swift */; };
		42CEB32F2259AB99000152E7 /* StickerOverlay.swift in Sources */ = {isa = PBXBuildFile; fileRef = 42CEB32E2259AB99000152E7 /* StickerOverlay.swift */; };
		42CEB331225AEA54000152E7 /* StickerRender.swift in Sources */ = {isa = PBXBuildFile; fileRef = 42CEB330225AEA54000152E7 /* StickerRender.swift */; };
		42D458F621F2866700AC142A /* GridRulerCoverView.swift in Sources */ = {isa = PBXBuildFile; fileRef = 42D458F521F2866700AC142A /* GridRulerCoverView.swift */; };
		42D7F27E224B1C1600E7E504 /* EditTextViewController.swift in Sources */ = {isa = PBXBuildFile; fileRef = 42D7F27D224B1C1600E7E504 /* EditTextViewController.swift */; };
		42D7F281224B4B2800E7E504 /* EditTextPreviewer.swift in Sources */ = {isa = PBXBuildFile; fileRef = 42D7F280224B4B2800E7E504 /* EditTextPreviewer.swift */; };
		42D7F284224B4CE400E7E504 /* BasicExtensions.swift in Sources */ = {isa = PBXBuildFile; fileRef = 42D7F283224B4CE400E7E504 /* BasicExtensions.swift */; };
		42D7F286224B593600E7E504 /* EditTextBottomTools.swift in Sources */ = {isa = PBXBuildFile; fileRef = 42D7F285224B593600E7E504 /* EditTextBottomTools.swift */; };
		42D7F288224B831200E7E504 /* TestViewController.swift in Sources */ = {isa = PBXBuildFile; fileRef = 42D7F287224B831200E7E504 /* TestViewController.swift */; };
		42D7F28A224C649600E7E504 /* Font.swift in Sources */ = {isa = PBXBuildFile; fileRef = 42D7F289224C649600E7E504 /* Font.swift */; };
		42D7F28C224C690600E7E504 /* FontsPanel.swift in Sources */ = {isa = PBXBuildFile; fileRef = 42D7F28B224C690600E7E504 /* FontsPanel.swift */; };
		42D7F28E224CA08B00E7E504 /* Palette.swift in Sources */ = {isa = PBXBuildFile; fileRef = 42D7F28D224CA08B00E7E504 /* Palette.swift */; };
		42D7F290224CB0B800E7E504 /* PalettePanel.swift in Sources */ = {isa = PBXBuildFile; fileRef = 42D7F28F224CB0B800E7E504 /* PalettePanel.swift */; };
		42D7F293224F559B00E7E504 /* EditTextOverlay.swift in Sources */ = {isa = PBXBuildFile; fileRef = 42D7F292224F559B00E7E504 /* EditTextOverlay.swift */; };
		42D7F296224F582F00E7E504 /* Overlay.swift in Sources */ = {isa = PBXBuildFile; fileRef = 42D7F295224F582F00E7E504 /* Overlay.swift */; };
		42D7F298224F58A500E7E504 /* OverlayComponent.swift in Sources */ = {isa = PBXBuildFile; fileRef = 42D7F297224F58A500E7E504 /* OverlayComponent.swift */; };
		42D7F29A224F605E00E7E504 /* Constraints.swift in Sources */ = {isa = PBXBuildFile; fileRef = 42D7F299224F605E00E7E504 /* Constraints.swift */; };
		42D7F29C225021FD00E7E504 /* Graphic.swift in Sources */ = {isa = PBXBuildFile; fileRef = 42D7F29B225021FD00E7E504 /* Graphic.swift */; };
		42D7F29E2251E96B00E7E504 /* OverlayComponentCornerView.swift in Sources */ = {isa = PBXBuildFile; fileRef = 42D7F29D2251E96B00E7E504 /* OverlayComponentCornerView.swift */; };
		42D7F2A02251EA1500E7E504 /* OverlayComponentRender.swift in Sources */ = {isa = PBXBuildFile; fileRef = 42D7F29F2251EA1500E7E504 /* OverlayComponentRender.swift */; };
		42D7F2A22251EA9100E7E504 /* TextRender.swift in Sources */ = {isa = PBXBuildFile; fileRef = 42D7F2A12251EA9100E7E504 /* TextRender.swift */; };
		42D7F2A42252284900E7E504 /* EditTextInfo.swift in Sources */ = {isa = PBXBuildFile; fileRef = 42D7F2A32252284900E7E504 /* EditTextInfo.swift */; };
		42E5C346221D287300D18CA6 /* ConfirmToDismissDialog.swift in Sources */ = {isa = PBXBuildFile; fileRef = 42E5C345221D287300D18CA6 /* ConfirmToDismissDialog.swift */; };
		42E5C348221D4CBA00D18CA6 /* SettingViewController.swift in Sources */ = {isa = PBXBuildFile; fileRef = 42E5C347221D4CBA00D18CA6 /* SettingViewController.swift */; };
		42E5C34A221D6C2100D18CA6 /* SelectGifDurationViewController.swift in Sources */ = {isa = PBXBuildFile; fileRef = 42E5C349221D6C2100D18CA6 /* SelectGifDurationViewController.swift */; };
		42E5C34C221E415F00D18CA6 /* GalleryBottomInfoView.swift in Sources */ = {isa = PBXBuildFile; fileRef = 42E5C34B221E415F00D18CA6 /* GalleryBottomInfoView.swift */; };
		42E5C34E2220B0D900D18CA6 /* GifOverlayRenderer.swift in Sources */ = {isa = PBXBuildFile; fileRef = 42E5C34D2220B0D900D18CA6 /* GifOverlayRenderer.swift */; };
		42E5C3512220B14700D18CA6 /* GifOverlayEditView.swift in Sources */ = {isa = PBXBuildFile; fileRef = 42E5C3502220B14700D18CA6 /* GifOverlayEditView.swift */; };
		42E5C3532220B18100D18CA6 /* GifOverlayViewController.swift in Sources */ = {isa = PBXBuildFile; fileRef = 42E5C3522220B18100D18CA6 /* GifOverlayViewController.swift */; };
		42E5C3552220B86100D18CA6 /* StickerView.swift in Sources */ = {isa = PBXBuildFile; fileRef = 42E5C3542220B86100D18CA6 /* StickerView.swift */; };
		42E5C35722212EE200D18CA6 /* TrashView.swift in Sources */ = {isa = PBXBuildFile; fileRef = 42E5C35622212EE200D18CA6 /* TrashView.swift */; };
		42E86E6521CDC996004BB0BC /* LoadingViewController.xib in Resources */ = {isa = PBXBuildFile; fileRef = 42E86E6421CDC996004BB0BC /* LoadingViewController.xib */; };
		42EE13D62195C22900724611 /* GifGenerator.swift in Sources */ = {isa = PBXBuildFile; fileRef = 42EE13D52195C22900724611 /* GifGenerator.swift */; };
		42EE13D821963FBB00724611 /* VideoViewController.swift in Sources */ = {isa = PBXBuildFile; fileRef = 42EE13D721963FBB00724611 /* VideoViewController.swift */; };
		42EE13DA219641B400724611 /* Test.swift in Sources */ = {isa = PBXBuildFile; fileRef = 42EE13D9219641B400724611 /* Test.swift */; };
		42EEACE121995DEE009A3BB8 /* EditViewController.swift in Sources */ = {isa = PBXBuildFile; fileRef = 42EEACE021995DEE009A3BB8 /* EditViewController.swift */; };
		42EEACE321996641009A3BB8 /* VideoController.swift in Sources */ = {isa = PBXBuildFile; fileRef = 42EEACE221996641009A3BB8 /* VideoController.swift */; };
		42F2D571219403B100113A10 /* AppDelegate.swift in Sources */ = {isa = PBXBuildFile; fileRef = 42F2D570219403B100113A10 /* AppDelegate.swift */; };
		42F2D576219403B100113A10 /* Main.storyboard in Resources */ = {isa = PBXBuildFile; fileRef = 42F2D574219403B100113A10 /* Main.storyboard */; };
		42F2D578219403B300113A10 /* Assets.xcassets in Resources */ = {isa = PBXBuildFile; fileRef = 42F2D577219403B300113A10 /* Assets.xcassets */; };
		42F2D57B219403B300113A10 /* LaunchScreen.storyboard in Resources */ = {isa = PBXBuildFile; fileRef = 42F2D579219403B300113A10 /* LaunchScreen.storyboard */; };
		42F2D586219403B300113A10 /* GiferTests.swift in Sources */ = {isa = PBXBuildFile; fileRef = 42F2D585219403B300113A10 /* GiferTests.swift */; };
		42FF4D2E2264514700EEF49C /* GifSizeEstimatorTest.swift in Sources */ = {isa = PBXBuildFile; fileRef = 42FF4D2D2264514700EEF49C /* GifSizeEstimatorTest.swift */; };
		42FF4D30226467AF00EEF49C /* GifConfigCalibrator.swift in Sources */ = {isa = PBXBuildFile; fileRef = 42FF4D2F226467AF00EEF49C /* GifConfigCalibrator.swift */; };
/* End PBXBuildFile section */

/* Begin PBXContainerItemProxy section */
		42F2D582219403B300113A10 /* PBXContainerItemProxy */ = {
			isa = PBXContainerItemProxy;
			containerPortal = 42F2D565219403B100113A10 /* Project object */;
			proxyType = 1;
			remoteGlobalIDString = 42F2D56C219403B100113A10;
			remoteInfo = Gifer;
		};
/* End PBXContainerItemProxy section */

/* Begin PBXFileReference section */
		4224B21F21F7104A0001E494 /* VideoPlayerSection.swift */ = {isa = PBXFileReference; lastKnownFileType = sourcecode.swift; path = VideoPlayerSection.swift; sourceTree = "<group>"; };
		42265B5C21F95587005D2710 /* OptionMenu.swift */ = {isa = PBXFileReference; lastKnownFileType = sourcecode.swift; path = OptionMenu.swift; sourceTree = "<group>"; };
		42265B5E21F98F41005D2710 /* CropMenuView.swift */ = {isa = PBXFileReference; lastKnownFileType = sourcecode.swift; path = CropMenuView.swift; sourceTree = "<group>"; };
		422BC3B221F1B9F400948A32 /* CommonConstraints.swift */ = {isa = PBXFileReference; lastKnownFileType = sourcecode.swift; path = CommonConstraints.swift; sourceTree = "<group>"; };
		422E0E2121CB616500192B37 /* Debug.swift */ = {isa = PBXFileReference; lastKnownFileType = sourcecode.swift; path = Debug.swift; sourceTree = "<group>"; };
		4233DD6921B91441009A757C /* AspectView.swift */ = {isa = PBXFileReference; lastKnownFileType = sourcecode.swift; path = AspectView.swift; sourceTree = "<group>"; };
		42362EBA21F024A300970A5C /* GridRulerCornerView.swift */ = {isa = PBXFileReference; lastKnownFileType = sourcecode.swift; path = GridRulerCornerView.swift; sourceTree = "<group>"; };
		42362EBC21F024FB00970A5C /* GridRulerEdgeView.swift */ = {isa = PBXFileReference; lastKnownFileType = sourcecode.swift; path = GridRulerEdgeView.swift; sourceTree = "<group>"; };
		42444A61226DBD60004F26A3 /* FilterSlider.swift */ = {isa = PBXFileReference; lastKnownFileType = sourcecode.swift; path = FilterSlider.swift; sourceTree = "<group>"; };
		42444A63226EDBFC004F26A3 /* VideoControllerTrim.swift */ = {isa = PBXFileReference; lastKnownFileType = sourcecode.swift; path = VideoControllerTrim.swift; sourceTree = "<group>"; };
		42444A65226EEB28004F26A3 /* VideoControllerAttatchView.swift */ = {isa = PBXFileReference; lastKnownFileType = sourcecode.swift; path = VideoControllerAttatchView.swift; sourceTree = "<group>"; };
		424596ED223F693B00FCE599 /* VideoCache.swift */ = {isa = PBXFileReference; lastKnownFileType = sourcecode.swift; path = VideoCache.swift; sourceTree = "<group>"; };
		424596EF22408B7000FCE599 /* VideoRangeViewController.swift */ = {isa = PBXFileReference; lastKnownFileType = sourcecode.swift; path = VideoRangeViewController.swift; sourceTree = "<group>"; };
		424596F12241D39F00FCE599 /* VideoLoadingIndicator.swift */ = {isa = PBXFileReference; lastKnownFileType = sourcecode.swift; path = VideoLoadingIndicator.swift; sourceTree = "<group>"; };
		42462B1D2202F5770064FE56 /* VideoControllerGalleryContainer.swift */ = {isa = PBXFileReference; lastKnownFileType = sourcecode.swift; path = VideoControllerGalleryContainer.swift; sourceTree = "<group>"; };
		42462B202202F8DE0064FE56 /* VideoControllerGallerySlider.swift */ = {isa = PBXFileReference; lastKnownFileType = sourcecode.swift; path = VideoControllerGallerySlider.swift; sourceTree = "<group>"; };
		42491E5A21ED7C22002FECDE /* GridRulerView.swift */ = {isa = PBXFileReference; lastKnownFileType = sourcecode.swift; path = GridRulerView.swift; sourceTree = "<group>"; };
		42491E5C21ED7C45002FECDE /* Test.storyboard */ = {isa = PBXFileReference; lastKnownFileType = file.storyboard; path = Test.storyboard; sourceTree = "<group>"; };
		424CAA4121D711DE001E795A /* EditViewBarItem.swift */ = {isa = PBXFileReference; lastKnownFileType = sourcecode.swift; path = EditViewBarItem.swift; sourceTree = "<group>"; };
		424F16AE222FB50300F94BCF /* StickerMenuView.swift */ = {isa = PBXFileReference; lastKnownFileType = sourcecode.swift; path = StickerMenuView.swift; sourceTree = "<group>"; };
		4260DA8D222513C4000B16D4 /* ControlToolbarConfirmPrompt.swift */ = {isa = PBXFileReference; lastKnownFileType = sourcecode.swift; path = ControlToolbarConfirmPrompt.swift; sourceTree = "<group>"; };
		4260DA9122255B7C000B16D4 /* ConfirmExtraButton.swift */ = {isa = PBXFileReference; lastKnownFileType = sourcecode.swift; path = ConfirmExtraButton.swift; sourceTree = "<group>"; };
		4267BD622236065B006D9F44 /* DarkMode.swift */ = {isa = PBXFileReference; lastKnownFileType = sourcecode.swift; path = DarkMode.swift; sourceTree = "<group>"; };
		4269ADB2221B8E4F0098BA5E /* YPFilter.swift */ = {isa = PBXFileReference; fileEncoding = 4; lastKnownFileType = sourcecode.swift; path = YPFilter.swift; sourceTree = "<group>"; };
		4269ADB4221B93540098BA5E /* FiltersView.swift */ = {isa = PBXFileReference; lastKnownFileType = sourcecode.swift; path = FiltersView.swift; sourceTree = "<group>"; };
		4269ADB6221BD4FE0098BA5E /* FilterPreviewView.swift */ = {isa = PBXFileReference; lastKnownFileType = sourcecode.swift; path = FilterPreviewView.swift; sourceTree = "<group>"; };
		426C244321CCC9A700EFE7A4 /* LoadingDialog.swift */ = {isa = PBXFileReference; lastKnownFileType = sourcecode.swift; path = LoadingDialog.swift; sourceTree = "<group>"; };
		426C537B21D4C3E20018DE80 /* PlaySpeedView.swift */ = {isa = PBXFileReference; lastKnownFileType = sourcecode.swift; path = PlaySpeedView.swift; sourceTree = "<group>"; };
		426C537D21D4C6020018DE80 /* PlaySpeedView.xib */ = {isa = PBXFileReference; lastKnownFileType = file.xib; path = PlaySpeedView.xib; sourceTree = "<group>"; };
		427A5647224246E900F0CA3E /* VideoProgressLoadingIndicator.swift */ = {isa = PBXFileReference; lastKnownFileType = sourcecode.swift; path = VideoProgressLoadingIndicator.swift; sourceTree = "<group>"; };
		42820CF52216A14200C5A99C /* ShareDialogController.swift */ = {isa = PBXFileReference; lastKnownFileType = sourcecode.swift; path = ShareDialogController.swift; sourceTree = "<group>"; };
		4284D44022768F5F00886513 /* ShareViewController.swift */ = {isa = PBXFileReference; lastKnownFileType = sourcecode.swift; path = ShareViewController.swift; sourceTree = "<group>"; };
		4285BF9C21A8C34600913466 /* TrimController.swift */ = {isa = PBXFileReference; lastKnownFileType = sourcecode.swift; path = TrimController.swift; sourceTree = "<group>"; };
		4285BF9E21A8C37A00913466 /* VideoControllerSlider.swift */ = {isa = PBXFileReference; lastKnownFileType = sourcecode.swift; path = VideoControllerSlider.swift; sourceTree = "<group>"; };
		4285BFA021A8C3AE00913466 /* VideoControllerGallery.swift */ = {isa = PBXFileReference; lastKnownFileType = sourcecode.swift; path = VideoControllerGallery.swift; sourceTree = "<group>"; };
		4285BFA221A8D22E00913466 /* VideoGalleryViewController.swift */ = {isa = PBXFileReference; lastKnownFileType = sourcecode.swift; path = VideoGalleryViewController.swift; sourceTree = "<group>"; };
		4285BFA421A8D4DE00913466 /* VideoLibrary.swift */ = {isa = PBXFileReference; lastKnownFileType = sourcecode.swift; path = VideoLibrary.swift; sourceTree = "<group>"; };
		428C542421A8E96E003A44A0 /* VideoGalleryCell.swift */ = {isa = PBXFileReference; lastKnownFileType = sourcecode.swift; path = VideoGalleryCell.swift; sourceTree = "<group>"; };
		429CE3E021C22F360004D3F2 /* MonkeyKing.framework */ = {isa = PBXFileReference; lastKnownFileType = wrapper.framework; name = MonkeyKing.framework; path = Carthage/Build/iOS/MonkeyKing.framework; sourceTree = "<group>"; };
		42A1AFE621EF186C00CF8018 /* CropContainer.swift */ = {isa = PBXFileReference; lastKnownFileType = sourcecode.swift; path = CropContainer.swift; sourceTree = "<group>"; };
		42AB47C121C9E26300590889 /* EditVideoTransitionAnimator.swift */ = {isa = PBXFileReference; lastKnownFileType = sourcecode.swift; path = EditVideoTransitionAnimator.swift; sourceTree = "<group>"; };
		42AC7D882223862300AD3681 /* ControlToolbar.swift */ = {isa = PBXFileReference; lastKnownFileType = sourcecode.swift; path = ControlToolbar.swift; sourceTree = "<group>"; };
		42AC7D8B222394AF00AD3681 /* ControlToolbarItemView.swift */ = {isa = PBXFileReference; lastKnownFileType = sourcecode.swift; path = ControlToolbarItemView.swift; sourceTree = "<group>"; };
		42C54D2C21C1F5D100BECC5C /* ShareManager.swift */ = {isa = PBXFileReference; lastKnownFileType = sourcecode.swift; path = ShareManager.swift; sourceTree = "<group>"; };
		42CEB32E2259AB99000152E7 /* StickerOverlay.swift */ = {isa = PBXFileReference; lastKnownFileType = sourcecode.swift; path = StickerOverlay.swift; sourceTree = "<group>"; };
		42CEB330225AEA54000152E7 /* StickerRender.swift */ = {isa = PBXFileReference; lastKnownFileType = sourcecode.swift; path = StickerRender.swift; sourceTree = "<group>"; };
		42D458F521F2866700AC142A /* GridRulerCoverView.swift */ = {isa = PBXFileReference; lastKnownFileType = sourcecode.swift; path = GridRulerCoverView.swift; sourceTree = "<group>"; };
		42D7F27D224B1C1600E7E504 /* EditTextViewController.swift */ = {isa = PBXFileReference; lastKnownFileType = sourcecode.swift; path = EditTextViewController.swift; sourceTree = "<group>"; };
		42D7F280224B4B2800E7E504 /* EditTextPreviewer.swift */ = {isa = PBXFileReference; lastKnownFileType = sourcecode.swift; path = EditTextPreviewer.swift; sourceTree = "<group>"; };
		42D7F283224B4CE400E7E504 /* BasicExtensions.swift */ = {isa = PBXFileReference; lastKnownFileType = sourcecode.swift; path = BasicExtensions.swift; sourceTree = "<group>"; };
		42D7F285224B593600E7E504 /* EditTextBottomTools.swift */ = {isa = PBXFileReference; lastKnownFileType = sourcecode.swift; path = EditTextBottomTools.swift; sourceTree = "<group>"; };
		42D7F287224B831200E7E504 /* TestViewController.swift */ = {isa = PBXFileReference; lastKnownFileType = sourcecode.swift; path = TestViewController.swift; sourceTree = "<group>"; };
		42D7F289224C649600E7E504 /* Font.swift */ = {isa = PBXFileReference; lastKnownFileType = sourcecode.swift; path = Font.swift; sourceTree = "<group>"; };
		42D7F28B224C690600E7E504 /* FontsPanel.swift */ = {isa = PBXFileReference; lastKnownFileType = sourcecode.swift; path = FontsPanel.swift; sourceTree = "<group>"; };
		42D7F28D224CA08B00E7E504 /* Palette.swift */ = {isa = PBXFileReference; lastKnownFileType = sourcecode.swift; path = Palette.swift; sourceTree = "<group>"; };
		42D7F28F224CB0B800E7E504 /* PalettePanel.swift */ = {isa = PBXFileReference; lastKnownFileType = sourcecode.swift; path = PalettePanel.swift; sourceTree = "<group>"; };
		42D7F292224F559B00E7E504 /* EditTextOverlay.swift */ = {isa = PBXFileReference; lastKnownFileType = sourcecode.swift; path = EditTextOverlay.swift; sourceTree = "<group>"; };
		42D7F295224F582F00E7E504 /* Overlay.swift */ = {isa = PBXFileReference; lastKnownFileType = sourcecode.swift; path = Overlay.swift; sourceTree = "<group>"; };
		42D7F297224F58A500E7E504 /* OverlayComponent.swift */ = {isa = PBXFileReference; lastKnownFileType = sourcecode.swift; path = OverlayComponent.swift; sourceTree = "<group>"; };
		42D7F299224F605E00E7E504 /* Constraints.swift */ = {isa = PBXFileReference; lastKnownFileType = sourcecode.swift; path = Constraints.swift; sourceTree = "<group>"; };
		42D7F29B225021FD00E7E504 /* Graphic.swift */ = {isa = PBXFileReference; lastKnownFileType = sourcecode.swift; path = Graphic.swift; sourceTree = "<group>"; };
		42D7F29D2251E96B00E7E504 /* OverlayComponentCornerView.swift */ = {isa = PBXFileReference; lastKnownFileType = sourcecode.swift; path = OverlayComponentCornerView.swift; sourceTree = "<group>"; };
		42D7F29F2251EA1500E7E504 /* OverlayComponentRender.swift */ = {isa = PBXFileReference; lastKnownFileType = sourcecode.swift; path = OverlayComponentRender.swift; sourceTree = "<group>"; };
		42D7F2A12251EA9100E7E504 /* TextRender.swift */ = {isa = PBXFileReference; lastKnownFileType = sourcecode.swift; path = TextRender.swift; sourceTree = "<group>"; };
		42D7F2A32252284900E7E504 /* EditTextInfo.swift */ = {isa = PBXFileReference; lastKnownFileType = sourcecode.swift; path = EditTextInfo.swift; sourceTree = "<group>"; };
		42E5C345221D287300D18CA6 /* ConfirmToDismissDialog.swift */ = {isa = PBXFileReference; lastKnownFileType = sourcecode.swift; path = ConfirmToDismissDialog.swift; sourceTree = "<group>"; };
		42E5C347221D4CBA00D18CA6 /* SettingViewController.swift */ = {isa = PBXFileReference; lastKnownFileType = sourcecode.swift; path = SettingViewController.swift; sourceTree = "<group>"; };
		42E5C349221D6C2100D18CA6 /* SelectGifDurationViewController.swift */ = {isa = PBXFileReference; lastKnownFileType = sourcecode.swift; path = SelectGifDurationViewController.swift; sourceTree = "<group>"; };
		42E5C34B221E415F00D18CA6 /* GalleryBottomInfoView.swift */ = {isa = PBXFileReference; lastKnownFileType = sourcecode.swift; path = GalleryBottomInfoView.swift; sourceTree = "<group>"; };
		42E5C34D2220B0D900D18CA6 /* GifOverlayRenderer.swift */ = {isa = PBXFileReference; lastKnownFileType = sourcecode.swift; path = GifOverlayRenderer.swift; sourceTree = "<group>"; };
		42E5C3502220B14700D18CA6 /* GifOverlayEditView.swift */ = {isa = PBXFileReference; lastKnownFileType = sourcecode.swift; path = GifOverlayEditView.swift; sourceTree = "<group>"; };
		42E5C3522220B18100D18CA6 /* GifOverlayViewController.swift */ = {isa = PBXFileReference; lastKnownFileType = sourcecode.swift; path = GifOverlayViewController.swift; sourceTree = "<group>"; };
		42E5C3542220B86100D18CA6 /* StickerView.swift */ = {isa = PBXFileReference; lastKnownFileType = sourcecode.swift; path = StickerView.swift; sourceTree = "<group>"; };
		42E5C35622212EE200D18CA6 /* TrashView.swift */ = {isa = PBXFileReference; lastKnownFileType = sourcecode.swift; path = TrashView.swift; sourceTree = "<group>"; };
		42E86E6421CDC996004BB0BC /* LoadingViewController.xib */ = {isa = PBXFileReference; lastKnownFileType = file.xib; path = LoadingViewController.xib; sourceTree = "<group>"; };
		42EDFF0B2238FE14004E8868 /* zh-Hans */ = {isa = PBXFileReference; lastKnownFileType = text.plist.strings; name = "zh-Hans"; path = "zh-Hans.lproj/Main.strings"; sourceTree = "<group>"; };
		42EDFF0C2238FE14004E8868 /* zh-Hans */ = {isa = PBXFileReference; lastKnownFileType = text.plist.strings; name = "zh-Hans"; path = "zh-Hans.lproj/LaunchScreen.strings"; sourceTree = "<group>"; };
		42EE13D52195C22900724611 /* GifGenerator.swift */ = {isa = PBXFileReference; lastKnownFileType = sourcecode.swift; path = GifGenerator.swift; sourceTree = "<group>"; };
		42EE13D721963FBB00724611 /* VideoViewController.swift */ = {isa = PBXFileReference; lastKnownFileType = sourcecode.swift; path = VideoViewController.swift; sourceTree = "<group>"; };
		42EE13D9219641B400724611 /* Test.swift */ = {isa = PBXFileReference; lastKnownFileType = sourcecode.swift; path = Test.swift; sourceTree = "<group>"; };
		42EEACE021995DEE009A3BB8 /* EditViewController.swift */ = {isa = PBXFileReference; lastKnownFileType = sourcecode.swift; path = EditViewController.swift; sourceTree = "<group>"; };
		42EEACE221996641009A3BB8 /* VideoController.swift */ = {isa = PBXFileReference; lastKnownFileType = sourcecode.swift; path = VideoController.swift; sourceTree = "<group>"; };
		42F2D56D219403B100113A10 /* Gifer.app */ = {isa = PBXFileReference; explicitFileType = wrapper.application; includeInIndex = 0; path = Gifer.app; sourceTree = BUILT_PRODUCTS_DIR; };
		42F2D570219403B100113A10 /* AppDelegate.swift */ = {isa = PBXFileReference; lastKnownFileType = sourcecode.swift; path = AppDelegate.swift; sourceTree = "<group>"; };
		42F2D575219403B100113A10 /* Base */ = {isa = PBXFileReference; lastKnownFileType = file.storyboard; name = Base; path = Base.lproj/Main.storyboard; sourceTree = "<group>"; };
		42F2D577219403B300113A10 /* Assets.xcassets */ = {isa = PBXFileReference; lastKnownFileType = folder.assetcatalog; path = Assets.xcassets; sourceTree = "<group>"; };
		42F2D57A219403B300113A10 /* Base */ = {isa = PBXFileReference; lastKnownFileType = file.storyboard; name = Base; path = Base.lproj/LaunchScreen.storyboard; sourceTree = "<group>"; };
		42F2D57C219403B300113A10 /* Info.plist */ = {isa = PBXFileReference; lastKnownFileType = text.plist.xml; path = Info.plist; sourceTree = "<group>"; };
		42F2D581219403B300113A10 /* GiferTests.xctest */ = {isa = PBXFileReference; explicitFileType = wrapper.cfbundle; includeInIndex = 0; path = GiferTests.xctest; sourceTree = BUILT_PRODUCTS_DIR; };
		42F2D585219403B300113A10 /* GiferTests.swift */ = {isa = PBXFileReference; lastKnownFileType = sourcecode.swift; path = GiferTests.swift; sourceTree = "<group>"; };
		42F2D587219403B300113A10 /* Info.plist */ = {isa = PBXFileReference; lastKnownFileType = text.plist.xml; path = Info.plist; sourceTree = "<group>"; };
		42F2D590219403B300113A10 /* GiferUITests.swift */ = {isa = PBXFileReference; lastKnownFileType = sourcecode.swift; path = GiferUITests.swift; sourceTree = "<group>"; };
		42F2D592219403B300113A10 /* Info.plist */ = {isa = PBXFileReference; lastKnownFileType = text.plist.xml; path = Info.plist; sourceTree = "<group>"; };
		42FF4D2D2264514700EEF49C /* GifSizeEstimatorTest.swift */ = {isa = PBXFileReference; lastKnownFileType = sourcecode.swift; path = GifSizeEstimatorTest.swift; sourceTree = "<group>"; };
		42FF4D2F226467AF00EEF49C /* GifConfigCalibrator.swift */ = {isa = PBXFileReference; lastKnownFileType = sourcecode.swift; path = GifConfigCalibrator.swift; sourceTree = "<group>"; };
/* End PBXFileReference section */

/* Begin PBXFrameworksBuildPhase section */
		42F2D56A219403B100113A10 /* Frameworks */ = {
			isa = PBXFrameworksBuildPhase;
			buildActionMask = 2147483647;
			files = (
				429CE3E121C22F360004D3F2 /* MonkeyKing.framework in Frameworks */,
			);
			runOnlyForDeploymentPostprocessing = 0;
		};
		42F2D57E219403B300113A10 /* Frameworks */ = {
			isa = PBXFrameworksBuildPhase;
			buildActionMask = 2147483647;
			files = (
			);
			runOnlyForDeploymentPostprocessing = 0;
		};
/* End PBXFrameworksBuildPhase section */

/* Begin PBXGroup section */
		42462B1F2202F70F0064FE56 /* VideoController */ = {
			isa = PBXGroup;
			children = (
				42EEACE221996641009A3BB8 /* VideoController.swift */,
				4285BF9C21A8C34600913466 /* TrimController.swift */,
				4285BF9E21A8C37A00913466 /* VideoControllerSlider.swift */,
				4285BFA021A8C3AE00913466 /* VideoControllerGallery.swift */,
				42462B1D2202F5770064FE56 /* VideoControllerGalleryContainer.swift */,
				42462B202202F8DE0064FE56 /* VideoControllerGallerySlider.swift */,
				42444A63226EDBFC004F26A3 /* VideoControllerTrim.swift */,
				42444A65226EEB28004F26A3 /* VideoControllerAttatchView.swift */,
			);
			path = VideoController;
			sourceTree = "<group>";
		};
		4260DA932226A72B000B16D4 /* OptionMenu */ = {
			isa = PBXGroup;
			children = (
				42265B5C21F95587005D2710 /* OptionMenu.swift */,
				42265B5E21F98F41005D2710 /* CropMenuView.swift */,
				4269ADB4221B93540098BA5E /* FiltersView.swift */,
				4269ADB6221BD4FE0098BA5E /* FilterPreviewView.swift */,
				424F16AE222FB50300F94BCF /* StickerMenuView.swift */,
				42444A61226DBD60004F26A3 /* FilterSlider.swift */,
			);
			path = OptionMenu;
			sourceTree = "<group>";
		};
		4284D43A2275885E00886513 /* EditVideo */ = {
			isa = PBXGroup;
			children = (
				4260DA932226A72B000B16D4 /* OptionMenu */,
				42D7F27F224B4B0A00E7E504 /* EditTextFrame */,
				42EE13D721963FBB00724611 /* VideoViewController.swift */,
				42AC7D8A2223863600AD3681 /* ControlTools */,
				4224B21F21F7104A0001E494 /* VideoPlayerSection.swift */,
				424CAA4121D711DE001E795A /* EditViewBarItem.swift */,
				42EEACE021995DEE009A3BB8 /* EditViewController.swift */,
				42820CF52216A14200C5A99C /* ShareDialogController.swift */,
				42AB47C121C9E26300590889 /* EditVideoTransitionAnimator.swift */,
				42462B1F2202F70F0064FE56 /* VideoController */,
				4284D44022768F5F00886513 /* ShareViewController.swift */,
			);
			path = EditVideo;
			sourceTree = "<group>";
		};
		4284D43B2275889600886513 /* Gallery */ = {
			isa = PBXGroup;
			children = (
				42E5C34B221E415F00D18CA6 /* GalleryBottomInfoView.swift */,
				4285BFA221A8D22E00913466 /* VideoGalleryViewController.swift */,
				428C542421A8E96E003A44A0 /* VideoGalleryCell.swift */,
			);
			path = Gallery;
			sourceTree = "<group>";
		};
		4284D43C227588D600886513 /* CommonUI */ = {
			isa = PBXGroup;
			children = (
				427A5647224246E900F0CA3E /* VideoProgressLoadingIndicator.swift */,
				42E5C345221D287300D18CA6 /* ConfirmToDismissDialog.swift */,
				4267BD622236065B006D9F44 /* DarkMode.swift */,
				4233DD6921B91441009A757C /* AspectView.swift */,
				424596F12241D39F00FCE599 /* VideoLoadingIndicator.swift */,
				426C244321CCC9A700EFE7A4 /* LoadingDialog.swift */,
				42E86E6421CDC996004BB0BC /* LoadingViewController.xib */,
			);
			path = CommonUI;
			sourceTree = "<group>";
		};
		4284D43D2275895E00886513 /* VideoRange */ = {
			isa = PBXGroup;
			children = (
				424596EF22408B7000FCE599 /* VideoRangeViewController.swift */,
				42E5C349221D6C2100D18CA6 /* SelectGifDurationViewController.swift */,
			);
			path = VideoRange;
			sourceTree = "<group>";
		};
		429CE3DF21C22F350004D3F2 /* Frameworks */ = {
			isa = PBXGroup;
			children = (
				429CE3E021C22F360004D3F2 /* MonkeyKing.framework */,
			);
			name = Frameworks;
			sourceTree = "<group>";
		};
		42A1AFE421EF182600CF8018 /* VideoEdit */ = {
			isa = PBXGroup;
			children = (
				42A1AFE521EF184100CF8018 /* Crop */,
			);
			path = VideoEdit;
			sourceTree = "<group>";
		};
		42A1AFE521EF184100CF8018 /* Crop */ = {
			isa = PBXGroup;
			children = (
				42491E5A21ED7C22002FECDE /* GridRulerView.swift */,
				42A1AFE621EF186C00CF8018 /* CropContainer.swift */,
				42362EBA21F024A300970A5C /* GridRulerCornerView.swift */,
				42362EBC21F024FB00970A5C /* GridRulerEdgeView.swift */,
				422BC3B221F1B9F400948A32 /* CommonConstraints.swift */,
				42D458F521F2866700AC142A /* GridRulerCoverView.swift */,
			);
			path = Crop;
			sourceTree = "<group>";
		};
		42AC7D8A2223863600AD3681 /* ControlTools */ = {
			isa = PBXGroup;
			children = (
				426C537B21D4C3E20018DE80 /* PlaySpeedView.swift */,
				426C537D21D4C6020018DE80 /* PlaySpeedView.xib */,
				42AC7D882223862300AD3681 /* ControlToolbar.swift */,
				42AC7D8B222394AF00AD3681 /* ControlToolbarItemView.swift */,
				4260DA8D222513C4000B16D4 /* ControlToolbarConfirmPrompt.swift */,
				4260DA9122255B7C000B16D4 /* ConfirmExtraButton.swift */,
			);
			path = ControlTools;
			sourceTree = "<group>";
		};
		42D7F27F224B4B0A00E7E504 /* EditTextFrame */ = {
			isa = PBXGroup;
			children = (
				42D7F285224B593600E7E504 /* EditTextBottomTools.swift */,
				42D7F27D224B1C1600E7E504 /* EditTextViewController.swift */,
				42D7F280224B4B2800E7E504 /* EditTextPreviewer.swift */,
				42D7F28B224C690600E7E504 /* FontsPanel.swift */,
				42D7F28F224CB0B800E7E504 /* PalettePanel.swift */,
				42D7F2A32252284900E7E504 /* EditTextInfo.swift */,
			);
			path = EditTextFrame;
			sourceTree = "<group>";
		};
		42D7F282224B4CC000E7E504 /* Helper */ = {
			isa = PBXGroup;
			children = (
				424596ED223F693B00FCE599 /* VideoCache.swift */,
				42C54D2C21C1F5D100BECC5C /* ShareManager.swift */,
				42EE13D52195C22900724611 /* GifGenerator.swift */,
				422E0E2121CB616500192B37 /* Debug.swift */,
				4269ADB2221B8E4F0098BA5E /* YPFilter.swift */,
				42D7F283224B4CE400E7E504 /* BasicExtensions.swift */,
				4285BFA421A8D4DE00913466 /* VideoLibrary.swift */,
				42D7F289224C649600E7E504 /* Font.swift */,
				42D7F28D224CA08B00E7E504 /* Palette.swift */,
				42D7F299224F605E00E7E504 /* Constraints.swift */,
				42D7F29B225021FD00E7E504 /* Graphic.swift */,
				42FF4D2F226467AF00EEF49C /* GifConfigCalibrator.swift */,
			);
			path = Helper;
			sourceTree = "<group>";
		};
		42D7F291224F557B00E7E504 /* EditTextOverlay */ = {
			isa = PBXGroup;
			children = (
				42D7F292224F559B00E7E504 /* EditTextOverlay.swift */,
				42D7F2A12251EA9100E7E504 /* TextRender.swift */,
			);
			path = EditTextOverlay;
			sourceTree = "<group>";
		};
		42D7F294224F580B00E7E504 /* Overlay */ = {
			isa = PBXGroup;
			children = (
				42D7F291224F557B00E7E504 /* EditTextOverlay */,
				42E5C34F2220B0F100D18CA6 /* GifOverlay */,
				42D7F295224F582F00E7E504 /* Overlay.swift */,
				42D7F297224F58A500E7E504 /* OverlayComponent.swift */,
				42D7F29D2251E96B00E7E504 /* OverlayComponentCornerView.swift */,
				42D7F29F2251EA1500E7E504 /* OverlayComponentRender.swift */,
			);
			path = Overlay;
			sourceTree = "<group>";
		};
		42E5C34F2220B0F100D18CA6 /* GifOverlay */ = {
			isa = PBXGroup;
			children = (
				42E5C34D2220B0D900D18CA6 /* GifOverlayRenderer.swift */,
				42E5C3502220B14700D18CA6 /* GifOverlayEditView.swift */,
				42E5C3522220B18100D18CA6 /* GifOverlayViewController.swift */,
				42E5C3542220B86100D18CA6 /* StickerView.swift */,
				42E5C35622212EE200D18CA6 /* TrashView.swift */,
				42CEB32E2259AB99000152E7 /* StickerOverlay.swift */,
				42CEB330225AEA54000152E7 /* StickerRender.swift */,
			);
			path = GifOverlay;
			sourceTree = "<group>";
		};
		42F2D564219403B100113A10 = {
			isa = PBXGroup;
			children = (
				42F2D56F219403B100113A10 /* Gifer */,
				42F2D584219403B300113A10 /* GiferTests */,
				42F2D58F219403B300113A10 /* GiferUITests */,
				42F2D56E219403B100113A10 /* Products */,
				429CE3DF21C22F350004D3F2 /* Frameworks */,
			);
			sourceTree = "<group>";
		};
		42F2D56E219403B100113A10 /* Products */ = {
			isa = PBXGroup;
			children = (
				42F2D56D219403B100113A10 /* Gifer.app */,
				42F2D581219403B300113A10 /* GiferTests.xctest */,
			);
			name = Products;
			sourceTree = "<group>";
		};
		42F2D56F219403B100113A10 /* Gifer */ = {
			isa = PBXGroup;
			children = (
				42F2D570219403B100113A10 /* AppDelegate.swift */,
				42F2D574219403B100113A10 /* Main.storyboard */,
				42F2D577219403B300113A10 /* Assets.xcassets */,
				42F2D579219403B300113A10 /* LaunchScreen.storyboard */,
				42F2D57C219403B300113A10 /* Info.plist */,
				42D7F282224B4CC000E7E504 /* Helper */,
				42EE13D9219641B400724611 /* Test.swift */,
				4284D43A2275885E00886513 /* EditVideo */,
				4284D43B2275889600886513 /* Gallery */,
				4284D43C227588D600886513 /* CommonUI */,
				42A1AFE421EF182600CF8018 /* VideoEdit */,
				42491E5C21ED7C45002FECDE /* Test.storyboard */,
				42E5C347221D4CBA00D18CA6 /* SettingViewController.swift */,
				4284D43D2275895E00886513 /* VideoRange */,
				42D7F294224F580B00E7E504 /* Overlay */,
				42D7F287224B831200E7E504 /* TestViewController.swift */,
			);
			path = Gifer;
			sourceTree = "<group>";
		};
		42F2D584219403B300113A10 /* GiferTests */ = {
			isa = PBXGroup;
			children = (
				42F2D585219403B300113A10 /* GiferTests.swift */,
				42F2D587219403B300113A10 /* Info.plist */,
				42FF4D2D2264514700EEF49C /* GifSizeEstimatorTest.swift */,
			);
			path = GiferTests;
			sourceTree = "<group>";
		};
		42F2D58F219403B300113A10 /* GiferUITests */ = {
			isa = PBXGroup;
			children = (
				42F2D590219403B300113A10 /* GiferUITests.swift */,
				42F2D592219403B300113A10 /* Info.plist */,
			);
			path = GiferUITests;
			sourceTree = "<group>";
		};
/* End PBXGroup section */

/* Begin PBXNativeTarget section */
		42F2D56C219403B100113A10 /* Gifer */ = {
			isa = PBXNativeTarget;
			buildConfigurationList = 42F2D595219403B300113A10 /* Build configuration list for PBXNativeTarget "Gifer" */;
			buildPhases = (
				42F2D569219403B100113A10 /* Sources */,
				42F2D56A219403B100113A10 /* Frameworks */,
				42F2D56B219403B100113A10 /* Resources */,
				429CE3DE21C22D260004D3F2 /* ShellScript */,
			);
			buildRules = (
			);
			dependencies = (
			);
			name = Gifer;
			productName = Gifer;
			productReference = 42F2D56D219403B100113A10 /* Gifer.app */;
			productType = "com.apple.product-type.application";
		};
		42F2D580219403B300113A10 /* GiferTests */ = {
			isa = PBXNativeTarget;
			buildConfigurationList = 42F2D598219403B300113A10 /* Build configuration list for PBXNativeTarget "GiferTests" */;
			buildPhases = (
				42F2D57D219403B300113A10 /* Sources */,
				42F2D57E219403B300113A10 /* Frameworks */,
				42F2D57F219403B300113A10 /* Resources */,
			);
			buildRules = (
			);
			dependencies = (
				42F2D583219403B300113A10 /* PBXTargetDependency */,
			);
			name = GiferTests;
			productName = GiferTests;
			productReference = 42F2D581219403B300113A10 /* GiferTests.xctest */;
			productType = "com.apple.product-type.bundle.unit-test";
		};
/* End PBXNativeTarget section */

/* Begin PBXProject section */
		42F2D565219403B100113A10 /* Project object */ = {
			isa = PBXProject;
			attributes = {
				KnownAssetTags = (
					New,
				);
				LastSwiftUpdateCheck = 1010;
				LastUpgradeCheck = 1010;
				ORGANIZATIONNAME = "Frank Cheng";
				TargetAttributes = {
					42F2D56C219403B100113A10 = {
						CreatedOnToolsVersion = 10.1;
						LastSwiftMigration = 1020;
					};
					42F2D580219403B300113A10 = {
						CreatedOnToolsVersion = 10.1;
						LastSwiftMigration = 1020;
						TestTargetID = 42F2D56C219403B100113A10;
					};
				};
			};
			buildConfigurationList = 42F2D568219403B100113A10 /* Build configuration list for PBXProject "Gifer" */;
			compatibilityVersion = "Xcode 9.3";
			developmentRegion = en;
			hasScannedForEncodings = 0;
			knownRegions = (
				en,
				Base,
				"zh-Hans",
			);
			mainGroup = 42F2D564219403B100113A10;
			productRefGroup = 42F2D56E219403B100113A10 /* Products */;
			projectDirPath = "";
			projectRoot = "";
			targets = (
				42F2D56C219403B100113A10 /* Gifer */,
				42F2D580219403B300113A10 /* GiferTests */,
			);
		};
/* End PBXProject section */

/* Begin PBXResourcesBuildPhase section */
		42F2D56B219403B100113A10 /* Resources */ = {
			isa = PBXResourcesBuildPhase;
			buildActionMask = 2147483647;
			files = (
				42491E5D21ED7C45002FECDE /* Test.storyboard in Resources */,
				426C537E21D4C6020018DE80 /* PlaySpeedView.xib in Resources */,
				42F2D57B219403B300113A10 /* LaunchScreen.storyboard in Resources */,
				42F2D578219403B300113A10 /* Assets.xcassets in Resources */,
				42F2D576219403B100113A10 /* Main.storyboard in Resources */,
				42E86E6521CDC996004BB0BC /* LoadingViewController.xib in Resources */,
			);
			runOnlyForDeploymentPostprocessing = 0;
		};
		42F2D57F219403B300113A10 /* Resources */ = {
			isa = PBXResourcesBuildPhase;
			buildActionMask = 2147483647;
			files = (
			);
			runOnlyForDeploymentPostprocessing = 0;
		};
/* End PBXResourcesBuildPhase section */

/* Begin PBXShellScriptBuildPhase section */
		429CE3DE21C22D260004D3F2 /* ShellScript */ = {
			isa = PBXShellScriptBuildPhase;
			buildActionMask = 2147483647;
			files = (
			);
			inputFileListPaths = (
			);
			inputPaths = (
				"$(SRCROOT)/Carthage/Build/iOS/MonkeyKing.framework",
			);
			outputFileListPaths = (
			);
			outputPaths = (
				"$(BUILT_PRODUCTS_DIR)/$(FRAMEWORKS_FOLDER_PATH)/MonkeyKing.framework",
			);
			runOnlyForDeploymentPostprocessing = 0;
			shellPath = /bin/sh;
			shellScript = "/usr/local/bin/carthage copy-frameworks\n";
		};
/* End PBXShellScriptBuildPhase section */

/* Begin PBXSourcesBuildPhase section */
		42F2D569219403B100113A10 /* Sources */ = {
			isa = PBXSourcesBuildPhase;
			buildActionMask = 2147483647;
			files = (
				4267BD632236065B006D9F44 /* DarkMode.swift in Sources */,
				4285BFA521A8D4DE00913466 /* VideoLibrary.swift in Sources */,
				424596EE223F693B00FCE599 /* VideoCache.swift in Sources */,
				42444A66226EEB28004F26A3 /* VideoControllerAttatchView.swift in Sources */,
				42E5C3532220B18100D18CA6 /* GifOverlayViewController.swift in Sources */,
				42D7F29A224F605E00E7E504 /* Constraints.swift in Sources */,
				42462B1E2202F5770064FE56 /* VideoControllerGalleryContainer.swift in Sources */,
				42CEB32F2259AB99000152E7 /* StickerOverlay.swift in Sources */,
				42CEB331225AEA54000152E7 /* StickerRender.swift in Sources */,
				42C54D2D21C1F5D100BECC5C /* ShareManager.swift in Sources */,
				42444A62226DBD61004F26A3 /* FilterSlider.swift in Sources */,
				4260DA9222255B7C000B16D4 /* ConfirmExtraButton.swift in Sources */,
				42D7F298224F58A500E7E504 /* OverlayComponent.swift in Sources */,
				424F16AF222FB50300F94BCF /* StickerMenuView.swift in Sources */,
				42EEACE121995DEE009A3BB8 /* EditViewController.swift in Sources */,
				4269ADB5221B93540098BA5E /* FiltersView.swift in Sources */,
				42D7F296224F582F00E7E504 /* Overlay.swift in Sources */,
				422BC3B321F1B9F400948A32 /* CommonConstraints.swift in Sources */,
				42265B5D21F95587005D2710 /* OptionMenu.swift in Sources */,
				424596F22241D39F00FCE599 /* VideoLoadingIndicator.swift in Sources */,
				42E5C34E2220B0D900D18CA6 /* GifOverlayRenderer.swift in Sources */,
				42D7F293224F559B00E7E504 /* EditTextOverlay.swift in Sources */,
				42EEACE321996641009A3BB8 /* VideoController.swift in Sources */,
				42EE13D821963FBB00724611 /* VideoViewController.swift in Sources */,
				42D7F27E224B1C1600E7E504 /* EditTextViewController.swift in Sources */,
				424CAA4221D711DE001E795A /* EditViewBarItem.swift in Sources */,
				42D7F284224B4CE400E7E504 /* BasicExtensions.swift in Sources */,
				4285BF9F21A8C37A00913466 /* VideoControllerSlider.swift in Sources */,
				42E5C3512220B14700D18CA6 /* GifOverlayEditView.swift in Sources */,
				42820CF62216A14200C5A99C /* ShareDialogController.swift in Sources */,
				4284D44122768F5F00886513 /* ShareViewController.swift in Sources */,
				42D7F2A42252284900E7E504 /* EditTextInfo.swift in Sources */,
				42E5C34A221D6C2100D18CA6 /* SelectGifDurationViewController.swift in Sources */,
				4260DA8E222513C4000B16D4 /* ControlToolbarConfirmPrompt.swift in Sources */,
				42A1AFE721EF186C00CF8018 /* CropContainer.swift in Sources */,
				4233DD6A21B91441009A757C /* AspectView.swift in Sources */,
				42D7F281224B4B2800E7E504 /* EditTextPreviewer.swift in Sources */,
				42D7F28A224C649600E7E504 /* Font.swift in Sources */,
				4285BFA321A8D22E00913466 /* VideoGalleryViewController.swift in Sources */,
				42362EBB21F024A300970A5C /* GridRulerCornerView.swift in Sources */,
				4224B22021F7104A0001E494 /* VideoPlayerSection.swift in Sources */,
				4269ADB7221BD4FE0098BA5E /* FilterPreviewView.swift in Sources */,
				42462B212202F8DE0064FE56 /* VideoControllerGallerySlider.swift in Sources */,
				42362EBD21F024FB00970A5C /* GridRulerEdgeView.swift in Sources */,
				42AC7D892223862300AD3681 /* ControlToolbar.swift in Sources */,
				42D7F2A02251EA1500E7E504 /* OverlayComponentRender.swift in Sources */,
				42491E5B21ED7C22002FECDE /* GridRulerView.swift in Sources */,
				4285BF9D21A8C34600913466 /* TrimController.swift in Sources */,
				42EE13DA219641B400724611 /* Test.swift in Sources */,
				424596F022408B7000FCE599 /* VideoRangeViewController.swift in Sources */,
				427A5648224246E900F0CA3E /* VideoProgressLoadingIndicator.swift in Sources */,
				42FF4D30226467AF00EEF49C /* GifConfigCalibrator.swift in Sources */,
				42D7F28E224CA08B00E7E504 /* Palette.swift in Sources */,
				42444A64226EDBFC004F26A3 /* VideoControllerTrim.swift in Sources */,
				42E5C348221D4CBA00D18CA6 /* SettingViewController.swift in Sources */,
				42D7F290224CB0B800E7E504 /* PalettePanel.swift in Sources */,
				42D7F28C224C690600E7E504 /* FontsPanel.swift in Sources */,
				42D7F29E2251E96B00E7E504 /* OverlayComponentCornerView.swift in Sources */,
				42D7F286224B593600E7E504 /* EditTextBottomTools.swift in Sources */,
				426C537C21D4C3E20018DE80 /* PlaySpeedView.swift in Sources */,
				42E5C35722212EE200D18CA6 /* TrashView.swift in Sources */,
				428C542521A8E96E003A44A0 /* VideoGalleryCell.swift in Sources */,
				42AB47C221C9E26300590889 /* EditVideoTransitionAnimator.swift in Sources */,
				4269ADB3221B8E4F0098BA5E /* YPFilter.swift in Sources */,
				42AC7D8C222394AF00AD3681 /* ControlToolbarItemView.swift in Sources */,
				42E5C3552220B86100D18CA6 /* StickerView.swift in Sources */,
				42F2D571219403B100113A10 /* AppDelegate.swift in Sources */,
				42D458F621F2866700AC142A /* GridRulerCoverView.swift in Sources */,
				426C244421CCC9A700EFE7A4 /* LoadingDialog.swift in Sources */,
				42D7F29C225021FD00E7E504 /* Graphic.swift in Sources */,
				42E5C346221D287300D18CA6 /* ConfirmToDismissDialog.swift in Sources */,
				422E0E2221CB616500192B37 /* Debug.swift in Sources */,
				42265B5F21F98F41005D2710 /* CropMenuView.swift in Sources */,
				42D7F288224B831200E7E504 /* TestViewController.swift in Sources */,
				42EE13D62195C22900724611 /* GifGenerator.swift in Sources */,
				42E5C34C221E415F00D18CA6 /* GalleryBottomInfoView.swift in Sources */,
				42D7F2A22251EA9100E7E504 /* TextRender.swift in Sources */,
				4285BFA121A8C3AE00913466 /* VideoControllerGallery.swift in Sources */,
			);
			runOnlyForDeploymentPostprocessing = 0;
		};
		42F2D57D219403B300113A10 /* Sources */ = {
			isa = PBXSourcesBuildPhase;
			buildActionMask = 2147483647;
			files = (
				42FF4D2E2264514700EEF49C /* GifSizeEstimatorTest.swift in Sources */,
				42F2D586219403B300113A10 /* GiferTests.swift in Sources */,
			);
			runOnlyForDeploymentPostprocessing = 0;
		};
/* End PBXSourcesBuildPhase section */

/* Begin PBXTargetDependency section */
		42F2D583219403B300113A10 /* PBXTargetDependency */ = {
			isa = PBXTargetDependency;
			target = 42F2D56C219403B100113A10 /* Gifer */;
			targetProxy = 42F2D582219403B300113A10 /* PBXContainerItemProxy */;
		};
/* End PBXTargetDependency section */

/* Begin PBXVariantGroup section */
		42F2D574219403B100113A10 /* Main.storyboard */ = {
			isa = PBXVariantGroup;
			children = (
				42F2D575219403B100113A10 /* Base */,
				42EDFF0B2238FE14004E8868 /* zh-Hans */,
			);
			name = Main.storyboard;
			sourceTree = "<group>";
		};
		42F2D579219403B300113A10 /* LaunchScreen.storyboard */ = {
			isa = PBXVariantGroup;
			children = (
				42F2D57A219403B300113A10 /* Base */,
				42EDFF0C2238FE14004E8868 /* zh-Hans */,
			);
			name = LaunchScreen.storyboard;
			sourceTree = "<group>";
		};
/* End PBXVariantGroup section */

/* Begin XCBuildConfiguration section */
		42F2D593219403B300113A10 /* Debug */ = {
			isa = XCBuildConfiguration;
			buildSettings = {
				ALWAYS_SEARCH_USER_PATHS = NO;
				CLANG_ANALYZER_LOCALIZABILITY_NONLOCALIZED = YES;
				CLANG_ANALYZER_NONNULL = YES;
				CLANG_ANALYZER_NUMBER_OBJECT_CONVERSION = YES_AGGRESSIVE;
				CLANG_CXX_LANGUAGE_STANDARD = "gnu++14";
				CLANG_CXX_LIBRARY = "libc++";
				CLANG_ENABLE_MODULES = YES;
				CLANG_ENABLE_OBJC_ARC = YES;
				CLANG_ENABLE_OBJC_WEAK = YES;
				CLANG_WARN_BLOCK_CAPTURE_AUTORELEASING = YES;
				CLANG_WARN_BOOL_CONVERSION = YES;
				CLANG_WARN_COMMA = YES;
				CLANG_WARN_CONSTANT_CONVERSION = YES;
				CLANG_WARN_DEPRECATED_OBJC_IMPLEMENTATIONS = YES;
				CLANG_WARN_DIRECT_OBJC_ISA_USAGE = YES_ERROR;
				CLANG_WARN_DOCUMENTATION_COMMENTS = YES;
				CLANG_WARN_EMPTY_BODY = YES;
				CLANG_WARN_ENUM_CONVERSION = YES;
				CLANG_WARN_INFINITE_RECURSION = YES;
				CLANG_WARN_INT_CONVERSION = YES;
				CLANG_WARN_NON_LITERAL_NULL_CONVERSION = YES;
				CLANG_WARN_OBJC_IMPLICIT_RETAIN_SELF = YES;
				CLANG_WARN_OBJC_LITERAL_CONVERSION = YES;
				CLANG_WARN_OBJC_ROOT_CLASS = YES_ERROR;
				CLANG_WARN_RANGE_LOOP_ANALYSIS = YES;
				CLANG_WARN_STRICT_PROTOTYPES = YES;
				CLANG_WARN_SUSPICIOUS_MOVE = YES;
				CLANG_WARN_UNGUARDED_AVAILABILITY = YES_AGGRESSIVE;
				CLANG_WARN_UNREACHABLE_CODE = YES;
				CLANG_WARN__DUPLICATE_METHOD_MATCH = YES;
				CODE_SIGN_IDENTITY = "iPhone Developer";
				COPY_PHASE_STRIP = NO;
				DEBUG_INFORMATION_FORMAT = dwarf;
				ENABLE_STRICT_OBJC_MSGSEND = YES;
				ENABLE_TESTABILITY = YES;
				GCC_C_LANGUAGE_STANDARD = gnu11;
				GCC_DYNAMIC_NO_PIC = NO;
				GCC_NO_COMMON_BLOCKS = YES;
				GCC_OPTIMIZATION_LEVEL = 0;
				GCC_PREPROCESSOR_DEFINITIONS = (
					"DEBUG=1",
					"$(inherited)",
				);
				GCC_WARN_64_TO_32_BIT_CONVERSION = YES;
				GCC_WARN_ABOUT_RETURN_TYPE = YES_ERROR;
				GCC_WARN_UNDECLARED_SELECTOR = YES;
				GCC_WARN_UNINITIALIZED_AUTOS = YES_AGGRESSIVE;
				GCC_WARN_UNUSED_FUNCTION = YES;
				GCC_WARN_UNUSED_VARIABLE = YES;
				IPHONEOS_DEPLOYMENT_TARGET = 11.0;
				MTL_ENABLE_DEBUG_INFO = INCLUDE_SOURCE;
				MTL_FAST_MATH = YES;
				ONLY_ACTIVE_ARCH = YES;
				SDKROOT = iphoneos;
				SWIFT_ACTIVE_COMPILATION_CONDITIONS = DEBUG;
				SWIFT_OPTIMIZATION_LEVEL = "-Onone";
				SWIFT_VERSION = 5.0;
			};
			name = Debug;
		};
		42F2D594219403B300113A10 /* Release */ = {
			isa = XCBuildConfiguration;
			buildSettings = {
				ALWAYS_SEARCH_USER_PATHS = NO;
				CLANG_ANALYZER_LOCALIZABILITY_NONLOCALIZED = YES;
				CLANG_ANALYZER_NONNULL = YES;
				CLANG_ANALYZER_NUMBER_OBJECT_CONVERSION = YES_AGGRESSIVE;
				CLANG_CXX_LANGUAGE_STANDARD = "gnu++14";
				CLANG_CXX_LIBRARY = "libc++";
				CLANG_ENABLE_MODULES = YES;
				CLANG_ENABLE_OBJC_ARC = YES;
				CLANG_ENABLE_OBJC_WEAK = YES;
				CLANG_WARN_BLOCK_CAPTURE_AUTORELEASING = YES;
				CLANG_WARN_BOOL_CONVERSION = YES;
				CLANG_WARN_COMMA = YES;
				CLANG_WARN_CONSTANT_CONVERSION = YES;
				CLANG_WARN_DEPRECATED_OBJC_IMPLEMENTATIONS = YES;
				CLANG_WARN_DIRECT_OBJC_ISA_USAGE = YES_ERROR;
				CLANG_WARN_DOCUMENTATION_COMMENTS = YES;
				CLANG_WARN_EMPTY_BODY = YES;
				CLANG_WARN_ENUM_CONVERSION = YES;
				CLANG_WARN_INFINITE_RECURSION = YES;
				CLANG_WARN_INT_CONVERSION = YES;
				CLANG_WARN_NON_LITERAL_NULL_CONVERSION = YES;
				CLANG_WARN_OBJC_IMPLICIT_RETAIN_SELF = YES;
				CLANG_WARN_OBJC_LITERAL_CONVERSION = YES;
				CLANG_WARN_OBJC_ROOT_CLASS = YES_ERROR;
				CLANG_WARN_RANGE_LOOP_ANALYSIS = YES;
				CLANG_WARN_STRICT_PROTOTYPES = YES;
				CLANG_WARN_SUSPICIOUS_MOVE = YES;
				CLANG_WARN_UNGUARDED_AVAILABILITY = YES_AGGRESSIVE;
				CLANG_WARN_UNREACHABLE_CODE = YES;
				CLANG_WARN__DUPLICATE_METHOD_MATCH = YES;
				CODE_SIGN_IDENTITY = "iPhone Developer";
				COPY_PHASE_STRIP = NO;
				DEBUG_INFORMATION_FORMAT = "dwarf-with-dsym";
				ENABLE_NS_ASSERTIONS = NO;
				ENABLE_STRICT_OBJC_MSGSEND = YES;
				GCC_C_LANGUAGE_STANDARD = gnu11;
				GCC_NO_COMMON_BLOCKS = YES;
				GCC_WARN_64_TO_32_BIT_CONVERSION = YES;
				GCC_WARN_ABOUT_RETURN_TYPE = YES_ERROR;
				GCC_WARN_UNDECLARED_SELECTOR = YES;
				GCC_WARN_UNINITIALIZED_AUTOS = YES_AGGRESSIVE;
				GCC_WARN_UNUSED_FUNCTION = YES;
				GCC_WARN_UNUSED_VARIABLE = YES;
				IPHONEOS_DEPLOYMENT_TARGET = 11.0;
				MTL_ENABLE_DEBUG_INFO = NO;
				MTL_FAST_MATH = YES;
				SDKROOT = iphoneos;
				SWIFT_COMPILATION_MODE = wholemodule;
				SWIFT_OPTIMIZATION_LEVEL = "-O";
				SWIFT_VERSION = 5.0;
				VALIDATE_PRODUCT = YES;
			};
			name = Release;
		};
		42F2D596219403B300113A10 /* Debug */ = {
			isa = XCBuildConfiguration;
			buildSettings = {
				ASSETCATALOG_COMPILER_APPICON_NAME = AppIcon;
				CODE_SIGN_IDENTITY = "iPhone Developer";
				CODE_SIGN_STYLE = Automatic;
				CURRENT_PROJECT_VERSION = 57;
				DEVELOPMENT_TEAM = S833P2K5YV;
				FRAMEWORK_SEARCH_PATHS = (
					"$(inherited)",
					"$(PROJECT_DIR)/Carthage/Build/iOS",
				);
				INFOPLIST_FILE = Gifer/Info.plist;
				LD_RUNPATH_SEARCH_PATHS = (
					"$(inherited)",
					"@executable_path/Frameworks",
				);
				PRODUCT_BUNDLE_IDENTIFIER = com.bettycc.Gifer;
				PRODUCT_NAME = "$(TARGET_NAME)";
				PROVISIONING_PROFILE_SPECIFIER = "";
				SWIFT_VERSION = 5.0;
				TARGETED_DEVICE_FAMILY = "1,2";
				VERSIONING_SYSTEM = "apple-generic";
			};
			name = Debug;
		};
		42F2D597219403B300113A10 /* Release */ = {
			isa = XCBuildConfiguration;
			buildSettings = {
				ASSETCATALOG_COMPILER_APPICON_NAME = AppIcon;
				CODE_SIGN_IDENTITY = "iPhone Developer";
				CODE_SIGN_STYLE = Automatic;
				CURRENT_PROJECT_VERSION = 57;
				DEVELOPMENT_TEAM = S833P2K5YV;
				FRAMEWORK_SEARCH_PATHS = (
					"$(inherited)",
					"$(PROJECT_DIR)/Carthage/Build/iOS",
				);
				INFOPLIST_FILE = Gifer/Info.plist;
				LD_RUNPATH_SEARCH_PATHS = (
					"$(inherited)",
					"@executable_path/Frameworks",
				);
				PRODUCT_BUNDLE_IDENTIFIER = com.bettycc.Gifer;
				PRODUCT_NAME = "$(TARGET_NAME)";
				PROVISIONING_PROFILE_SPECIFIER = "";
				SWIFT_VERSION = 5.0;
				TARGETED_DEVICE_FAMILY = "1,2";
				VERSIONING_SYSTEM = "apple-generic";
			};
			name = Release;
		};
		42F2D599219403B300113A10 /* Debug */ = {
			isa = XCBuildConfiguration;
			buildSettings = {
				ALWAYS_EMBED_SWIFT_STANDARD_LIBRARIES = YES;
				BUNDLE_LOADER = "$(TEST_HOST)";
				CODE_SIGN_STYLE = Automatic;
				DEVELOPMENT_TEAM = S833P2K5YV;
				INFOPLIST_FILE = GiferTests/Info.plist;
				LD_RUNPATH_SEARCH_PATHS = (
					"$(inherited)",
					"@executable_path/Frameworks",
					"@loader_path/Frameworks",
				);
				PRODUCT_BUNDLE_IDENTIFIER = com.bettycc.GiferTests;
				PRODUCT_NAME = "$(TARGET_NAME)";
				SWIFT_VERSION = 5.0;
				TARGETED_DEVICE_FAMILY = "1,2";
				TEST_HOST = "$(BUILT_PRODUCTS_DIR)/Gifer.app/Gifer";
			};
			name = Debug;
		};
		42F2D59A219403B300113A10 /* Release */ = {
			isa = XCBuildConfiguration;
			buildSettings = {
				ALWAYS_EMBED_SWIFT_STANDARD_LIBRARIES = YES;
				BUNDLE_LOADER = "$(TEST_HOST)";
				CODE_SIGN_STYLE = Automatic;
				DEVELOPMENT_TEAM = S833P2K5YV;
				INFOPLIST_FILE = GiferTests/Info.plist;
				LD_RUNPATH_SEARCH_PATHS = (
					"$(inherited)",
					"@executable_path/Frameworks",
					"@loader_path/Frameworks",
				);
				PRODUCT_BUNDLE_IDENTIFIER = com.bettycc.GiferTests;
				PRODUCT_NAME = "$(TARGET_NAME)";
				SWIFT_VERSION = 5.0;
				TARGETED_DEVICE_FAMILY = "1,2";
				TEST_HOST = "$(BUILT_PRODUCTS_DIR)/Gifer.app/Gifer";
			};
			name = Release;
		};
/* End XCBuildConfiguration section */

/* Begin XCConfigurationList section */
		42F2D568219403B100113A10 /* Build configuration list for PBXProject "Gifer" */ = {
			isa = XCConfigurationList;
			buildConfigurations = (
				42F2D593219403B300113A10 /* Debug */,
				42F2D594219403B300113A10 /* Release */,
			);
			defaultConfigurationIsVisible = 0;
			defaultConfigurationName = Release;
		};
		42F2D595219403B300113A10 /* Build configuration list for PBXNativeTarget "Gifer" */ = {
			isa = XCConfigurationList;
			buildConfigurations = (
				42F2D596219403B300113A10 /* Debug */,
				42F2D597219403B300113A10 /* Release */,
			);
			defaultConfigurationIsVisible = 0;
			defaultConfigurationName = Release;
		};
		42F2D598219403B300113A10 /* Build configuration list for PBXNativeTarget "GiferTests" */ = {
			isa = XCConfigurationList;
			buildConfigurations = (
				42F2D599219403B300113A10 /* Debug */,
				42F2D59A219403B300113A10 /* Release */,
			);
			defaultConfigurationIsVisible = 0;
			defaultConfigurationName = Release;
		};
/* End XCConfigurationList section */
	};
	rootObject = 42F2D565219403B100113A10 /* Project object */;
}
